PODS:
  - JGProgressHUD (1.3.1)
  - TesseractOCRiOS (4.0.0)

DEPENDENCIES:
  - JGProgressHUD
  - TesseractOCRiOS (from `https://github.com/gali8/Tesseract-OCR-iOS.git`)

EXTERNAL SOURCES:
  TesseractOCRiOS:
    :git: https://github.com/gali8/Tesseract-OCR-iOS.git

CHECKOUT OPTIONS:
  TesseractOCRiOS:
    :commit: b4edaf737b9495b6d609375c1ff2875be9acdb47
    :git: https://github.com/gali8/Tesseract-OCR-iOS.git

SPEC CHECKSUMS:
  JGProgressHUD: 153053a21d81208cb5f659691996bcefce6a9885
  TesseractOCRiOS: 729989db3984bb60ba3addb053569b172d48c409

COCOAPODS: 0.39.0
