// !$*UTF8*$!
{
	archiveVersion = 1;
	classes = {
	};
	objectVersion = 46;
	objects = {

/* Begin PBXBuildFile section */
		A91A0F321C5CE31100AF2B1D /* DataKit.swift in Sources */ = {isa = PBXBuildFile; fileRef = A91A0F311C5CE31100AF2B1D /* DataKit.swift */; };
		A91A0F331C5CE44800AF2B1D /* DRSTKit.framework in Frameworks */ = {isa = PBXBuildFile; fileRef = A924C49E1C58F72300A5F507 /* DRSTKit.framework */; };
		A91A0F351C5CE77000AF2B1D /* DashboardViewController.swift in Sources */ = {isa = PBXBuildFile; fileRef = A91A0F341C5CE77000AF2B1D /* DashboardViewController.swift */; };
		A924C4A11C58F72300A5F507 /* DRSTKit.h in Headers */ = {isa = PBXBuildFile; fileRef = A924C4A01C58F72300A5F507 /* DRSTKit.h */; settings = {ATTRIBUTES = (Public, ); }; };
		A924C4B31C58F72300A5F507 /* DRSTKit.framework in Frameworks */ = {isa = PBXBuildFile; fileRef = A924C49E1C58F72300A5F507 /* DRSTKit.framework */; };
		A924C4B41C58F72300A5F507 /* DRSTKit.framework in Embed Frameworks */ = {isa = PBXBuildFile; fileRef = A924C49E1C58F72300A5F507 /* DRSTKit.framework */; settings = {ATTRIBUTES = (CodeSignOnCopy, RemoveHeadersOnCopy, ); }; };
		A924C4C21C58F78300A5F507 /* DRSTEXP.swift in Sources */ = {isa = PBXBuildFile; fileRef = A924C4BD1C58F78300A5F507 /* DRSTEXP.swift */; };
		A924C4C31C58F78300A5F507 /* DRSTScreenPosition.swift in Sources */ = {isa = PBXBuildFile; fileRef = A924C4BE1C58F78300A5F507 /* DRSTScreenPosition.swift */; };
		A924C4C41C58F78300A5F507 /* DRSTStamina.swift in Sources */ = {isa = PBXBuildFile; fileRef = A924C4BF1C58F78300A5F507 /* DRSTStamina.swift */; };
		A924C4C61C58FB0D00A5F507 /* tessdata in Resources */ = {isa = PBXBuildFile; fileRef = A924C4C51C58FB0D00A5F507 /* tessdata */; };
		A92B5AC11C58FDF200AB976B /* DRSTOCR.swift in Sources */ = {isa = PBXBuildFile; fileRef = A92B5AC01C58FDF200AB976B /* DRSTOCR.swift */; };
		A9341F121D3E852900160DEA /* Interface.storyboard in Resources */ = {isa = PBXBuildFile; fileRef = A9341F101D3E852900160DEA /* Interface.storyboard */; };
		A9341F141D3E852900160DEA /* Assets.xcassets in Resources */ = {isa = PBXBuildFile; fileRef = A9341F131D3E852900160DEA /* Assets.xcassets */; };
		A9341F1B1D3E852900160DEA /* DRSTm Extension.appex in Embed App Extensions */ = {isa = PBXBuildFile; fileRef = A9341F1A1D3E852900160DEA /* DRSTm Extension.appex */; settings = {ATTRIBUTES = (RemoveHeadersOnCopy, ); }; };
		A9341F221D3E852900160DEA /* InterfaceController.swift in Sources */ = {isa = PBXBuildFile; fileRef = A9341F211D3E852900160DEA /* InterfaceController.swift */; };
		A9341F241D3E852900160DEA /* ExtensionDelegate.swift in Sources */ = {isa = PBXBuildFile; fileRef = A9341F231D3E852900160DEA /* ExtensionDelegate.swift */; };
		A9341F261D3E852900160DEA /* NotificationController.swift in Sources */ = {isa = PBXBuildFile; fileRef = A9341F251D3E852900160DEA /* NotificationController.swift */; };
		A9341F281D3E852900160DEA /* GlanceController.swift in Sources */ = {isa = PBXBuildFile; fileRef = A9341F271D3E852900160DEA /* GlanceController.swift */; };
		A9341F2A1D3E852900160DEA /* ComplicationController.swift in Sources */ = {isa = PBXBuildFile; fileRef = A9341F291D3E852900160DEA /* ComplicationController.swift */; };
		A9341F2C1D3E852900160DEA /* Assets.xcassets in Resources */ = {isa = PBXBuildFile; fileRef = A9341F2B1D3E852900160DEA /* Assets.xcassets */; };
		A9341F301D3E852900160DEA /* DRSTm.app in Embed Watch Content */ = {isa = PBXBuildFile; fileRef = A9341F0E1D3E852900160DEA /* DRSTm.app */; };
		A93E28DB1C005E9C009342F3 /* MainInterface.storyboard in Resources */ = {isa = PBXBuildFile; fileRef = A93E28D91C005E9C009342F3 /* MainInterface.storyboard */; };
		A93E28DF1C005E9C009342F3 /* DRST manager.appex in Embed App Extensions */ = {isa = PBXBuildFile; fileRef = A93E28D11C005E9C009342F3 /* DRST manager.appex */; settings = {ATTRIBUTES = (RemoveHeadersOnCopy, ); }; };
		A9533D6C1C65E7B2001F97CF /* DRSTData.swift in Sources */ = {isa = PBXBuildFile; fileRef = A9533D6B1C65E7B2001F97CF /* DRSTData.swift */; };
		A9533D6E1C66487B001F97CF /* TodayViewController.swift in Sources */ = {isa = PBXBuildFile; fileRef = A9533D6D1C66487B001F97CF /* TodayViewController.swift */; };
		A962B6CE1C5CBC4200563EB4 /* DRSTNotification.swift in Sources */ = {isa = PBXBuildFile; fileRef = A962B6CD1C5CBC4200563EB4 /* DRSTNotification.swift */; };
		A964CB991C5D05F1005F5494 /* EditViewController.swift in Sources */ = {isa = PBXBuildFile; fileRef = A964CB981C5D05F1005F5494 /* EditViewController.swift */; };
		A96BE6681C0055190091A86E /* Main.storyboard in Resources */ = {isa = PBXBuildFile; fileRef = A96BE6671C0055190091A86E /* Main.storyboard */; };
		A9A330F11C696F0200D8CA25 /* DRSTData.Helper.swift in Sources */ = {isa = PBXBuildFile; fileRef = A9A330F01C696F0200D8CA25 /* DRSTData.Helper.swift */; };
		A9A330F31C696F6E00D8CA25 /* DRSTData.Device.swift in Sources */ = {isa = PBXBuildFile; fileRef = A9A330F21C696F6E00D8CA25 /* DRSTData.Device.swift */; };
		A9A330F51C69759C00D8CA25 /* DRSTKit.swift in Sources */ = {isa = PBXBuildFile; fileRef = A9A330F41C69759C00D8CA25 /* DRSTKit.swift */; };
		A9B94FB71C5CC1D40021A516 /* InfoViewController.swift in Sources */ = {isa = PBXBuildFile; fileRef = A9B94FB61C5CC1D40021A516 /* InfoViewController.swift */; };
		A9BF25891C13086B00A3E2A5 /* NotificationCenter.framework in Frameworks */ = {isa = PBXBuildFile; fileRef = A93E28D31C005E9C009342F3 /* NotificationCenter.framework */; };
		A9D955591BFF748300B583B4 /* main.m in Sources */ = {isa = PBXBuildFile; fileRef = A9D955581BFF748300B583B4 /* main.m */; };
		A9D9555C1BFF748300B583B4 /* AppDelegate.m in Sources */ = {isa = PBXBuildFile; fileRef = A9D9555B1BFF748300B583B4 /* AppDelegate.m */; };
		A9D955671BFF748300B583B4 /* Assets.xcassets in Resources */ = {isa = PBXBuildFile; fileRef = A9D955661BFF748300B583B4 /* Assets.xcassets */; };
		A9D9556A1BFF748300B583B4 /* LaunchScreen.storyboard in Resources */ = {isa = PBXBuildFile; fileRef = A9D955681BFF748300B583B4 /* LaunchScreen.storyboard */; };
		A9F031151C69951500F9D3E8 /* DRSTmTests.swift in Sources */ = {isa = PBXBuildFile; fileRef = A9F031141C69951500F9D3E8 /* DRSTmTests.swift */; };
		A9F0313C1C69A85B00F9D3E8 /* DRSTOCR.swift in Sources */ = {isa = PBXBuildFile; fileRef = A92B5AC01C58FDF200AB976B /* DRSTOCR.swift */; };
		EF62B8D9EB885DF05031986E /* Pods_DRST_manager.framework in Frameworks */ = {isa = PBXBuildFile; fileRef = 42E3AB0433B1D5F285952A71 /* Pods_DRST_manager.framework */; };
/* End PBXBuildFile section */

/* Begin PBXContainerItemProxy section */
		A924C4B11C58F72300A5F507 /* PBXContainerItemProxy */ = {
			isa = PBXContainerItemProxy;
			containerPortal = A9D9554C1BFF748300B583B4 /* Project object */;
			proxyType = 1;
			remoteGlobalIDString = A924C49D1C58F72300A5F507;
			remoteInfo = DRSTKit;
		};
		A9341F1C1D3E852900160DEA /* PBXContainerItemProxy */ = {
			isa = PBXContainerItemProxy;
			containerPortal = A9D9554C1BFF748300B583B4 /* Project object */;
			proxyType = 1;
			remoteGlobalIDString = A9341F191D3E852900160DEA;
			remoteInfo = "DRSTm Extension";
		};
		A9341F2E1D3E852900160DEA /* PBXContainerItemProxy */ = {
			isa = PBXContainerItemProxy;
			containerPortal = A9D9554C1BFF748300B583B4 /* Project object */;
			proxyType = 1;
			remoteGlobalIDString = A9341F0D1D3E852900160DEA;
			remoteInfo = DRSTm;
		};
		A93E28DD1C005E9C009342F3 /* PBXContainerItemProxy */ = {
			isa = PBXContainerItemProxy;
			containerPortal = A9D9554C1BFF748300B583B4 /* Project object */;
			proxyType = 1;
			remoteGlobalIDString = A93E28D01C005E9C009342F3;
			remoteInfo = "DRSTm Widget";
		};
		A9F031171C69951500F9D3E8 /* PBXContainerItemProxy */ = {
			isa = PBXContainerItemProxy;
			containerPortal = A9D9554C1BFF748300B583B4 /* Project object */;
			proxyType = 1;
			remoteGlobalIDString = A9D955531BFF748300B583B4;
			remoteInfo = "DRST manager";
		};
/* End PBXContainerItemProxy section */

/* Begin PBXCopyFilesBuildPhase section */
		A928DC761C0466680017F554 /* Embed Frameworks */ = {
			isa = PBXCopyFilesBuildPhase;
			buildActionMask = 2147483647;
			dstPath = "";
			dstSubfolderSpec = 10;
			files = (
				A924C4B41C58F72300A5F507 /* DRSTKit.framework in Embed Frameworks */,
			);
			name = "Embed Frameworks";
			runOnlyForDeploymentPostprocessing = 0;
		};
		A9341F361D3E852900160DEA /* Embed App Extensions */ = {
			isa = PBXCopyFilesBuildPhase;
			buildActionMask = 2147483647;
			dstPath = "";
			dstSubfolderSpec = 13;
			files = (
				A9341F1B1D3E852900160DEA /* DRSTm Extension.appex in Embed App Extensions */,
			);
			name = "Embed App Extensions";
			runOnlyForDeploymentPostprocessing = 0;
		};
		A93E28E31C005E9C009342F3 /* Embed App Extensions */ = {
			isa = PBXCopyFilesBuildPhase;
			buildActionMask = 2147483647;
			dstPath = "";
			dstSubfolderSpec = 13;
			files = (
				A93E28DF1C005E9C009342F3 /* DRST manager.appex in Embed App Extensions */,
			);
			name = "Embed App Extensions";
			runOnlyForDeploymentPostprocessing = 0;
		};
		A93E29121C00615B009342F3 /* Embed Watch Content */ = {
			isa = PBXCopyFilesBuildPhase;
			buildActionMask = 2147483647;
			dstPath = "$(CONTENTS_FOLDER_PATH)/Watch";
			dstSubfolderSpec = 16;
			files = (
				A9341F301D3E852900160DEA /* DRSTm.app in Embed Watch Content */,
			);
			name = "Embed Watch Content";
			runOnlyForDeploymentPostprocessing = 0;
		};
/* End PBXCopyFilesBuildPhase section */

/* Begin PBXFileReference section */
		42E3AB0433B1D5F285952A71 /* Pods_DRST_manager.framework */ = {isa = PBXFileReference; explicitFileType = wrapper.framework; includeInIndex = 0; path = Pods_DRST_manager.framework; sourceTree = BUILT_PRODUCTS_DIR; };
		952AFB32BECF5A5CD2D3D693 /* Pods-DRST manager.release.xcconfig */ = {isa = PBXFileReference; includeInIndex = 1; lastKnownFileType = text.xcconfig; name = "Pods-DRST manager.release.xcconfig"; path = "Pods/Target Support Files/Pods-DRST manager/Pods-DRST manager.release.xcconfig"; sourceTree = "<group>"; };
		A91A0F311C5CE31100AF2B1D /* DataKit.swift */ = {isa = PBXFileReference; fileEncoding = 4; lastKnownFileType = sourcecode.swift; path = DataKit.swift; sourceTree = "<group>"; };
		A91A0F341C5CE77000AF2B1D /* DashboardViewController.swift */ = {isa = PBXFileReference; fileEncoding = 4; lastKnownFileType = sourcecode.swift; path = DashboardViewController.swift; sourceTree = "<group>"; };
		A924C49E1C58F72300A5F507 /* DRSTKit.framework */ = {isa = PBXFileReference; explicitFileType = wrapper.framework; includeInIndex = 0; path = DRSTKit.framework; sourceTree = BUILT_PRODUCTS_DIR; };
		A924C4A01C58F72300A5F507 /* DRSTKit.h */ = {isa = PBXFileReference; lastKnownFileType = sourcecode.c.h; path = DRSTKit.h; sourceTree = "<group>"; };
		A924C4A21C58F72300A5F507 /* Info.plist */ = {isa = PBXFileReference; lastKnownFileType = text.plist.xml; path = Info.plist; sourceTree = "<group>"; };
		A924C4BD1C58F78300A5F507 /* DRSTEXP.swift */ = {isa = PBXFileReference; fileEncoding = 4; lastKnownFileType = sourcecode.swift; path = DRSTEXP.swift; sourceTree = "<group>"; };
		A924C4BE1C58F78300A5F507 /* DRSTScreenPosition.swift */ = {isa = PBXFileReference; fileEncoding = 4; lastKnownFileType = sourcecode.swift; path = DRSTScreenPosition.swift; sourceTree = "<group>"; };
		A924C4BF1C58F78300A5F507 /* DRSTStamina.swift */ = {isa = PBXFileReference; fileEncoding = 4; lastKnownFileType = sourcecode.swift; path = DRSTStamina.swift; sourceTree = "<group>"; };
		A924C4C51C58FB0D00A5F507 /* tessdata */ = {isa = PBXFileReference; lastKnownFileType = folder; path = tessdata; sourceTree = "<group>"; };
		A92B5ABF1C58FDF100AB976B /* DRST manager-Bridging-Header.h */ = {isa = PBXFileReference; lastKnownFileType = sourcecode.c.h; path = "DRST manager-Bridging-Header.h"; sourceTree = "<group>"; };
		A92B5AC01C58FDF200AB976B /* DRSTOCR.swift */ = {isa = PBXFileReference; fileEncoding = 4; lastKnownFileType = sourcecode.swift; path = DRSTOCR.swift; sourceTree = "<group>"; };
		A9341F0E1D3E852900160DEA /* DRSTm.app */ = {isa = PBXFileReference; explicitFileType = wrapper.application; includeInIndex = 0; path = DRSTm.app; sourceTree = BUILT_PRODUCTS_DIR; };
		A9341F111D3E852900160DEA /* Base */ = {isa = PBXFileReference; lastKnownFileType = file.storyboard; name = Base; path = Base.lproj/Interface.storyboard; sourceTree = "<group>"; };
		A9341F131D3E852900160DEA /* Assets.xcassets */ = {isa = PBXFileReference; lastKnownFileType = folder.assetcatalog; path = Assets.xcassets; sourceTree = "<group>"; };
		A9341F151D3E852900160DEA /* Info.plist */ = {isa = PBXFileReference; lastKnownFileType = text.plist.xml; path = Info.plist; sourceTree = "<group>"; };
		A9341F1A1D3E852900160DEA /* DRSTm Extension.appex */ = {isa = PBXFileReference; explicitFileType = "wrapper.app-extension"; includeInIndex = 0; path = "DRSTm Extension.appex"; sourceTree = BUILT_PRODUCTS_DIR; };
		A9341F201D3E852900160DEA /* PushNotificationPayload.apns */ = {isa = PBXFileReference; lastKnownFileType = text; path = PushNotificationPayload.apns; sourceTree = "<group>"; };
		A9341F211D3E852900160DEA /* InterfaceController.swift */ = {isa = PBXFileReference; lastKnownFileType = sourcecode.swift; path = InterfaceController.swift; sourceTree = "<group>"; };
		A9341F231D3E852900160DEA /* ExtensionDelegate.swift */ = {isa = PBXFileReference; lastKnownFileType = sourcecode.swift; path = ExtensionDelegate.swift; sourceTree = "<group>"; };
		A9341F251D3E852900160DEA /* NotificationController.swift */ = {isa = PBXFileReference; lastKnownFileType = sourcecode.swift; path = NotificationController.swift; sourceTree = "<group>"; };
		A9341F271D3E852900160DEA /* GlanceController.swift */ = {isa = PBXFileReference; lastKnownFileType = sourcecode.swift; path = GlanceController.swift; sourceTree = "<group>"; };
		A9341F291D3E852900160DEA /* ComplicationController.swift */ = {isa = PBXFileReference; lastKnownFileType = sourcecode.swift; path = ComplicationController.swift; sourceTree = "<group>"; };
		A9341F2B1D3E852900160DEA /* Assets.xcassets */ = {isa = PBXFileReference; lastKnownFileType = folder.assetcatalog; path = Assets.xcassets; sourceTree = "<group>"; };
		A9341F2D1D3E852900160DEA /* Info.plist */ = {isa = PBXFileReference; lastKnownFileType = text.plist.xml; path = Info.plist; sourceTree = "<group>"; };
		A93E28D11C005E9C009342F3 /* DRST manager.appex */ = {isa = PBXFileReference; explicitFileType = "wrapper.app-extension"; includeInIndex = 0; path = "DRST manager.appex"; sourceTree = BUILT_PRODUCTS_DIR; };
		A93E28D31C005E9C009342F3 /* NotificationCenter.framework */ = {isa = PBXFileReference; lastKnownFileType = wrapper.framework; name = NotificationCenter.framework; path = System/Library/Frameworks/NotificationCenter.framework; sourceTree = SDKROOT; };
		A93E28DA1C005E9C009342F3 /* Base */ = {isa = PBXFileReference; lastKnownFileType = file.storyboard; name = Base; path = Base.lproj/MainInterface.storyboard; sourceTree = "<group>"; };
		A93E28DC1C005E9C009342F3 /* Info.plist */ = {isa = PBXFileReference; lastKnownFileType = text.plist.xml; path = Info.plist; sourceTree = "<group>"; };
		A93E29131C007999009342F3 /* DRSTm.entitlements */ = {isa = PBXFileReference; lastKnownFileType = text.xml; path = DRSTm.entitlements; sourceTree = "<group>"; };
		A9533D6B1C65E7B2001F97CF /* DRSTData.swift */ = {isa = PBXFileReference; fileEncoding = 4; lastKnownFileType = sourcecode.swift; path = DRSTData.swift; sourceTree = "<group>"; };
		A9533D6D1C66487B001F97CF /* TodayViewController.swift */ = {isa = PBXFileReference; fileEncoding = 4; lastKnownFileType = sourcecode.swift; path = TodayViewController.swift; sourceTree = "<group>"; };
		A962B6CD1C5CBC4200563EB4 /* DRSTNotification.swift */ = {isa = PBXFileReference; fileEncoding = 4; lastKnownFileType = sourcecode.swift; path = DRSTNotification.swift; sourceTree = "<group>"; };
		A964CB981C5D05F1005F5494 /* EditViewController.swift */ = {isa = PBXFileReference; fileEncoding = 4; lastKnownFileType = sourcecode.swift; path = EditViewController.swift; sourceTree = "<group>"; };
		A96BE6671C0055190091A86E /* Main.storyboard */ = {isa = PBXFileReference; fileEncoding = 4; lastKnownFileType = file.storyboard; path = Main.storyboard; sourceTree = "<group>"; };
		A9A330F01C696F0200D8CA25 /* DRSTData.Helper.swift */ = {isa = PBXFileReference; fileEncoding = 4; lastKnownFileType = sourcecode.swift; path = DRSTData.Helper.swift; sourceTree = "<group>"; };
		A9A330F21C696F6E00D8CA25 /* DRSTData.Device.swift */ = {isa = PBXFileReference; fileEncoding = 4; lastKnownFileType = sourcecode.swift; path = DRSTData.Device.swift; sourceTree = "<group>"; };
		A9A330F41C69759C00D8CA25 /* DRSTKit.swift */ = {isa = PBXFileReference; fileEncoding = 4; lastKnownFileType = sourcecode.swift; path = DRSTKit.swift; sourceTree = "<group>"; };
		A9B94FB61C5CC1D40021A516 /* InfoViewController.swift */ = {isa = PBXFileReference; fileEncoding = 4; lastKnownFileType = sourcecode.swift; path = InfoViewController.swift; sourceTree = "<group>"; };
		A9C6BCB11C00B7FD00EE6526 /* DRST manager.entitlements */ = {isa = PBXFileReference; lastKnownFileType = text.xml; path = "DRST manager.entitlements"; sourceTree = "<group>"; };
		A9D955541BFF748300B583B4 /* DRSTm.app */ = {isa = PBXFileReference; explicitFileType = wrapper.application; includeInIndex = 0; path = DRSTm.app; sourceTree = BUILT_PRODUCTS_DIR; };
		A9D955581BFF748300B583B4 /* main.m */ = {isa = PBXFileReference; lastKnownFileType = sourcecode.c.objc; path = main.m; sourceTree = "<group>"; };
		A9D9555A1BFF748300B583B4 /* AppDelegate.h */ = {isa = PBXFileReference; lastKnownFileType = sourcecode.c.h; path = AppDelegate.h; sourceTree = "<group>"; };
		A9D9555B1BFF748300B583B4 /* AppDelegate.m */ = {isa = PBXFileReference; lastKnownFileType = sourcecode.c.objc; path = AppDelegate.m; sourceTree = "<group>"; };
		A9D955661BFF748300B583B4 /* Assets.xcassets */ = {isa = PBXFileReference; lastKnownFileType = folder.assetcatalog; path = Assets.xcassets; sourceTree = "<group>"; };
		A9D955691BFF748300B583B4 /* Base */ = {isa = PBXFileReference; lastKnownFileType = file.storyboard; name = Base; path = Base.lproj/LaunchScreen.storyboard; sourceTree = "<group>"; };
		A9D9556B1BFF748300B583B4 /* Info.plist */ = {isa = PBXFileReference; lastKnownFileType = text.plist.xml; path = Info.plist; sourceTree = "<group>"; };
		A9F031121C69951500F9D3E8 /* DRSTmTests.xctest */ = {isa = PBXFileReference; explicitFileType = wrapper.cfbundle; includeInIndex = 0; path = DRSTmTests.xctest; sourceTree = BUILT_PRODUCTS_DIR; };
		A9F031141C69951500F9D3E8 /* DRSTmTests.swift */ = {isa = PBXFileReference; lastKnownFileType = sourcecode.swift; path = DRSTmTests.swift; sourceTree = "<group>"; };
		A9F031161C69951500F9D3E8 /* Info.plist */ = {isa = PBXFileReference; lastKnownFileType = text.plist.xml; path = Info.plist; sourceTree = "<group>"; };
		AEC0A9CA1CFDC73A6D400A62 /* Pods-DRST manager.debug.xcconfig */ = {isa = PBXFileReference; includeInIndex = 1; lastKnownFileType = text.xcconfig; name = "Pods-DRST manager.debug.xcconfig"; path = "Pods/Target Support Files/Pods-DRST manager/Pods-DRST manager.debug.xcconfig"; sourceTree = "<group>"; };
/* End PBXFileReference section */

/* Begin PBXFrameworksBuildPhase section */
		A924C49A1C58F72300A5F507 /* Frameworks */ = {
			isa = PBXFrameworksBuildPhase;
			buildActionMask = 2147483647;
			files = (
			);
			runOnlyForDeploymentPostprocessing = 0;
		};
		A9341F171D3E852900160DEA /* Frameworks */ = {
			isa = PBXFrameworksBuildPhase;
			buildActionMask = 2147483647;
			files = (
			);
			runOnlyForDeploymentPostprocessing = 0;
		};
		A93E28CE1C005E9C009342F3 /* Frameworks */ = {
			isa = PBXFrameworksBuildPhase;
			buildActionMask = 2147483647;
			files = (
				A91A0F331C5CE44800AF2B1D /* DRSTKit.framework in Frameworks */,
				A9BF25891C13086B00A3E2A5 /* NotificationCenter.framework in Frameworks */,
			);
			runOnlyForDeploymentPostprocessing = 0;
		};
		A9D955511BFF748300B583B4 /* Frameworks */ = {
			isa = PBXFrameworksBuildPhase;
			buildActionMask = 2147483647;
			files = (
				A924C4B31C58F72300A5F507 /* DRSTKit.framework in Frameworks */,
				EF62B8D9EB885DF05031986E /* Pods_DRST_manager.framework in Frameworks */,
			);
			runOnlyForDeploymentPostprocessing = 0;
		};
		A9F0310F1C69951500F9D3E8 /* Frameworks */ = {
			isa = PBXFrameworksBuildPhase;
			buildActionMask = 2147483647;
			files = (
			);
			runOnlyForDeploymentPostprocessing = 0;
		};
/* End PBXFrameworksBuildPhase section */

/* Begin PBXGroup section */
		31DED2FB2117BAAFA7F88502 /* Pods */ = {
			isa = PBXGroup;
			children = (
				AEC0A9CA1CFDC73A6D400A62 /* Pods-DRST manager.debug.xcconfig */,
				952AFB32BECF5A5CD2D3D693 /* Pods-DRST manager.release.xcconfig */,
			);
			name = Pods;
			sourceTree = "<group>";
		};
		A924C49F1C58F72300A5F507 /* DRSTKit */ = {
			isa = PBXGroup;
			children = (
				A91A0F311C5CE31100AF2B1D /* DataKit.swift */,
				A924C4A01C58F72300A5F507 /* DRSTKit.h */,
				A9533D6B1C65E7B2001F97CF /* DRSTData.swift */,
				A9A330F21C696F6E00D8CA25 /* DRSTData.Device.swift */,
				A9A330F01C696F0200D8CA25 /* DRSTData.Helper.swift */,
				A924C4BD1C58F78300A5F507 /* DRSTEXP.swift */,
				A9A330F41C69759C00D8CA25 /* DRSTKit.swift */,
				A924C4BE1C58F78300A5F507 /* DRSTScreenPosition.swift */,
				A924C4BF1C58F78300A5F507 /* DRSTStamina.swift */,
				A924C4A21C58F72300A5F507 /* Info.plist */,
			);
			path = DRSTKit;
			sourceTree = "<group>";
		};
		A9341F0F1D3E852900160DEA /* DRSTm */ = {
			isa = PBXGroup;
			children = (
				A9341F101D3E852900160DEA /* Interface.storyboard */,
				A9341F131D3E852900160DEA /* Assets.xcassets */,
				A9341F151D3E852900160DEA /* Info.plist */,
			);
			path = DRSTm;
			sourceTree = "<group>";
		};
		A9341F1E1D3E852900160DEA /* DRSTm Extension */ = {
			isa = PBXGroup;
			children = (
				A9341F211D3E852900160DEA /* InterfaceController.swift */,
				A9341F231D3E852900160DEA /* ExtensionDelegate.swift */,
				A9341F251D3E852900160DEA /* NotificationController.swift */,
				A9341F271D3E852900160DEA /* GlanceController.swift */,
				A9341F291D3E852900160DEA /* ComplicationController.swift */,
				A9341F2B1D3E852900160DEA /* Assets.xcassets */,
				A9341F2D1D3E852900160DEA /* Info.plist */,
				A9341F1F1D3E852900160DEA /* Supporting Files */,
			);
			path = "DRSTm Extension";
			sourceTree = "<group>";
		};
		A9341F1F1D3E852900160DEA /* Supporting Files */ = {
			isa = PBXGroup;
			children = (
				A9341F201D3E852900160DEA /* PushNotificationPayload.apns */,
			);
			name = "Supporting Files";
			sourceTree = "<group>";
		};
		A93E28D21C005E9C009342F3 /* Frameworks */ = {
			isa = PBXGroup;
			children = (
				A93E28D31C005E9C009342F3 /* NotificationCenter.framework */,
				42E3AB0433B1D5F285952A71 /* Pods_DRST_manager.framework */,
			);
			name = Frameworks;
			sourceTree = "<group>";
		};
		A93E28D51C005E9C009342F3 /* DRSTm Widget */ = {
			isa = PBXGroup;
			children = (
				A9C6BCB11C00B7FD00EE6526 /* DRST manager.entitlements */,
				A9533D6D1C66487B001F97CF /* TodayViewController.swift */,
				A93E28D91C005E9C009342F3 /* MainInterface.storyboard */,
				A93E28DC1C005E9C009342F3 /* Info.plist */,
			);
			path = "DRSTm Widget";
			sourceTree = "<group>";
		};
		A9D9554B1BFF748300B583B4 = {
			isa = PBXGroup;
			children = (
				A9D955561BFF748300B583B4 /* DRST manager */,
				A93E28D51C005E9C009342F3 /* DRSTm Widget */,
				A924C49F1C58F72300A5F507 /* DRSTKit */,
				A9F031131C69951500F9D3E8 /* DRSTmTests */,
				A9341F0F1D3E852900160DEA /* DRSTm */,
				A9341F1E1D3E852900160DEA /* DRSTm Extension */,
				A93E28D21C005E9C009342F3 /* Frameworks */,
				A9D955551BFF748300B583B4 /* Products */,
				31DED2FB2117BAAFA7F88502 /* Pods */,
			);
			sourceTree = "<group>";
		};
		A9D955551BFF748300B583B4 /* Products */ = {
			isa = PBXGroup;
			children = (
				A9D955541BFF748300B583B4 /* DRSTm.app */,
				A93E28D11C005E9C009342F3 /* DRST manager.appex */,
				A924C49E1C58F72300A5F507 /* DRSTKit.framework */,
				A9F031121C69951500F9D3E8 /* DRSTmTests.xctest */,
				A9341F0E1D3E852900160DEA /* DRSTm.app */,
				A9341F1A1D3E852900160DEA /* DRSTm Extension.appex */,
			);
			name = Products;
			sourceTree = "<group>";
		};
		A9D955561BFF748300B583B4 /* DRST manager */ = {
			isa = PBXGroup;
			children = (
				A93E29131C007999009342F3 /* DRSTm.entitlements */,
				A924C4C51C58FB0D00A5F507 /* tessdata */,
				A9D9555A1BFF748300B583B4 /* AppDelegate.h */,
				A9D9555B1BFF748300B583B4 /* AppDelegate.m */,
				A91A0F341C5CE77000AF2B1D /* DashboardViewController.swift */,
				A9B94FB61C5CC1D40021A516 /* InfoViewController.swift */,
				A964CB981C5D05F1005F5494 /* EditViewController.swift */,
				A962B6CD1C5CBC4200563EB4 /* DRSTNotification.swift */,
				A92B5AC01C58FDF200AB976B /* DRSTOCR.swift */,
				A9D955661BFF748300B583B4 /* Assets.xcassets */,
				A96BE6671C0055190091A86E /* Main.storyboard */,
				A9D955681BFF748300B583B4 /* LaunchScreen.storyboard */,
				A9D9556B1BFF748300B583B4 /* Info.plist */,
				A9D955571BFF748300B583B4 /* Supporting Files */,
				A92B5ABF1C58FDF100AB976B /* DRST manager-Bridging-Header.h */,
			);
			path = "DRST manager";
			sourceTree = "<group>";
		};
		A9D955571BFF748300B583B4 /* Supporting Files */ = {
			isa = PBXGroup;
			children = (
				A9D955581BFF748300B583B4 /* main.m */,
			);
			name = "Supporting Files";
			sourceTree = "<group>";
		};
		A9F031131C69951500F9D3E8 /* DRSTmTests */ = {
			isa = PBXGroup;
			children = (
				A9F031141C69951500F9D3E8 /* DRSTmTests.swift */,
				A9F031161C69951500F9D3E8 /* Info.plist */,
			);
			path = DRSTmTests;
			sourceTree = "<group>";
		};
/* End PBXGroup section */

/* Begin PBXHeadersBuildPhase section */
		A924C49B1C58F72300A5F507 /* Headers */ = {
			isa = PBXHeadersBuildPhase;
			buildActionMask = 2147483647;
			files = (
				A924C4A11C58F72300A5F507 /* DRSTKit.h in Headers */,
			);
			runOnlyForDeploymentPostprocessing = 0;
		};
/* End PBXHeadersBuildPhase section */

/* Begin PBXNativeTarget section */
		A924C49D1C58F72300A5F507 /* DRSTKit */ = {
			isa = PBXNativeTarget;
			buildConfigurationList = A924C4B91C58F72300A5F507 /* Build configuration list for PBXNativeTarget "DRSTKit" */;
			buildPhases = (
				A924C4991C58F72300A5F507 /* Sources */,
				A924C49A1C58F72300A5F507 /* Frameworks */,
				A924C49B1C58F72300A5F507 /* Headers */,
				A924C49C1C58F72300A5F507 /* Resources */,
			);
			buildRules = (
			);
			dependencies = (
			);
			name = DRSTKit;
			productName = DRSTKit;
			productReference = A924C49E1C58F72300A5F507 /* DRSTKit.framework */;
			productType = "com.apple.product-type.framework";
		};
		A9341F0D1D3E852900160DEA /* DRSTm */ = {
			isa = PBXNativeTarget;
			buildConfigurationList = A9341F371D3E852900160DEA /* Build configuration list for PBXNativeTarget "DRSTm" */;
			buildPhases = (
				A9341F0C1D3E852900160DEA /* Resources */,
				A9341F361D3E852900160DEA /* Embed App Extensions */,
			);
			buildRules = (
			);
			dependencies = (
				A9341F1D1D3E852900160DEA /* PBXTargetDependency */,
			);
			name = DRSTm;
			productName = DRSTm;
			productReference = A9341F0E1D3E852900160DEA /* DRSTm.app */;
			productType = "com.apple.product-type.application.watchapp2";
		};
		A9341F191D3E852900160DEA /* DRSTm Extension */ = {
			isa = PBXNativeTarget;
			buildConfigurationList = A9341F351D3E852900160DEA /* Build configuration list for PBXNativeTarget "DRSTm Extension" */;
			buildPhases = (
				A9341F161D3E852900160DEA /* Sources */,
				A9341F171D3E852900160DEA /* Frameworks */,
				A9341F181D3E852900160DEA /* Resources */,
			);
			buildRules = (
			);
			dependencies = (
			);
			name = "DRSTm Extension";
			productName = "DRSTm Extension";
			productReference = A9341F1A1D3E852900160DEA /* DRSTm Extension.appex */;
			productType = "com.apple.product-type.watchkit2-extension";
		};
		A93E28D01C005E9C009342F3 /* DRSTm Widget */ = {
			isa = PBXNativeTarget;
			buildConfigurationList = A93E28E21C005E9C009342F3 /* Build configuration list for PBXNativeTarget "DRSTm Widget" */;
			buildPhases = (
				A93E28CD1C005E9C009342F3 /* Sources */,
				A93E28CE1C005E9C009342F3 /* Frameworks */,
				A93E28CF1C005E9C009342F3 /* Resources */,
			);
			buildRules = (
			);
			dependencies = (
			);
			name = "DRSTm Widget";
			productName = "DRSTm Widget";
			productReference = A93E28D11C005E9C009342F3 /* DRST manager.appex */;
			productType = "com.apple.product-type.app-extension";
		};
		A9D955531BFF748300B583B4 /* DRST manager */ = {
			isa = PBXNativeTarget;
			buildConfigurationList = A9D955841BFF748300B583B4 /* Build configuration list for PBXNativeTarget "DRST manager" */;
			buildPhases = (
				1FD959FDC63DAB920394172B /* Check Pods Manifest.lock */,
				A9D955501BFF748300B583B4 /* Sources */,
				A9D955511BFF748300B583B4 /* Frameworks */,
				A9D955521BFF748300B583B4 /* Resources */,
				A93E28E31C005E9C009342F3 /* Embed App Extensions */,
				A93E29121C00615B009342F3 /* Embed Watch Content */,
				A928DC761C0466680017F554 /* Embed Frameworks */,
				867AA193E813CFA05D3BFA6B /* Embed Pods Frameworks */,
				24952F409DD4A852D9A50765 /* Copy Pods Resources */,
			);
			buildRules = (
			);
			dependencies = (
				A93E28DE1C005E9C009342F3 /* PBXTargetDependency */,
				A924C4B21C58F72300A5F507 /* PBXTargetDependency */,
				A9341F2F1D3E852900160DEA /* PBXTargetDependency */,
			);
			name = "DRST manager";
			productName = "DRST manager";
			productReference = A9D955541BFF748300B583B4 /* DRSTm.app */;
			productType = "com.apple.product-type.application";
		};
		A9F031111C69951500F9D3E8 /* DRSTmTests */ = {
			isa = PBXNativeTarget;
			buildConfigurationList = A9F0311B1C69951500F9D3E8 /* Build configuration list for PBXNativeTarget "DRSTmTests" */;
			buildPhases = (
				A9F0310E1C69951500F9D3E8 /* Sources */,
				A9F0310F1C69951500F9D3E8 /* Frameworks */,
				A9F031101C69951500F9D3E8 /* Resources */,
			);
			buildRules = (
			);
			dependencies = (
				A9F031181C69951500F9D3E8 /* PBXTargetDependency */,
			);
			name = DRSTmTests;
			productName = DRSTmTests;
			productReference = A9F031121C69951500F9D3E8 /* DRSTmTests.xctest */;
			productType = "com.apple.product-type.bundle.unit-test";
		};
/* End PBXNativeTarget section */

/* Begin PBXProject section */
		A9D9554C1BFF748300B583B4 /* Project object */ = {
			isa = PBXProject;
			attributes = {
				LastSwiftUpdateCheck = 0730;
				LastUpgradeCheck = 0710;
				ORGANIZATIONNAME = "Seungho Kim";
				TargetAttributes = {
					A924C49D1C58F72300A5F507 = {
						CreatedOnToolsVersion = 7.2;
						DevelopmentTeam = 5C758YKFY3;
					};
					A9341F0D1D3E852900160DEA = {
						CreatedOnToolsVersion = 7.3.1;
						DevelopmentTeam = 5C758YKFY3;
					};
					A9341F191D3E852900160DEA = {
						CreatedOnToolsVersion = 7.3.1;
					};
					A93E28D01C005E9C009342F3 = {
						CreatedOnToolsVersion = 7.1.1;
						DevelopmentTeam = 5C758YKFY3;
						SystemCapabilities = {
							com.apple.ApplicationGroups.iOS = {
								enabled = 1;
							};
						};
					};
					A9D955531BFF748300B583B4 = {
						CreatedOnToolsVersion = 7.1.1;
						DevelopmentTeam = 5C758YKFY3;
						SystemCapabilities = {
							com.apple.ApplicationGroups.iOS = {
								enabled = 1;
							};
						};
					};
					A9F031111C69951500F9D3E8 = {
						CreatedOnToolsVersion = 7.2.1;
						TestTargetID = A9D955531BFF748300B583B4;
					};
				};
			};
			buildConfigurationList = A9D9554F1BFF748300B583B4 /* Build configuration list for PBXProject "DRST manager" */;
			compatibilityVersion = "Xcode 3.2";
			developmentRegion = English;
			hasScannedForEncodings = 0;
			knownRegions = (
				en,
				Base,
			);
			mainGroup = A9D9554B1BFF748300B583B4;
			productRefGroup = A9D955551BFF748300B583B4 /* Products */;
			projectDirPath = "";
			projectRoot = "";
			targets = (
				A9D955531BFF748300B583B4 /* DRST manager */,
				A93E28D01C005E9C009342F3 /* DRSTm Widget */,
				A924C49D1C58F72300A5F507 /* DRSTKit */,
				A9F031111C69951500F9D3E8 /* DRSTmTests */,
				A9341F0D1D3E852900160DEA /* DRSTm */,
				A9341F191D3E852900160DEA /* DRSTm Extension */,
			);
		};
/* End PBXProject section */

/* Begin PBXResourcesBuildPhase section */
		A924C49C1C58F72300A5F507 /* Resources */ = {
			isa = PBXResourcesBuildPhase;
			buildActionMask = 2147483647;
			files = (
			);
			runOnlyForDeploymentPostprocessing = 0;
		};
		A9341F0C1D3E852900160DEA /* Resources */ = {
			isa = PBXResourcesBuildPhase;
			buildActionMask = 2147483647;
			files = (
				A9341F141D3E852900160DEA /* Assets.xcassets in Resources */,
				A9341F121D3E852900160DEA /* Interface.storyboard in Resources */,
			);
			runOnlyForDeploymentPostprocessing = 0;
		};
		A9341F181D3E852900160DEA /* Resources */ = {
			isa = PBXResourcesBuildPhase;
			buildActionMask = 2147483647;
			files = (
				A9341F2C1D3E852900160DEA /* Assets.xcassets in Resources */,
			);
			runOnlyForDeploymentPostprocessing = 0;
		};
		A93E28CF1C005E9C009342F3 /* Resources */ = {
			isa = PBXResourcesBuildPhase;
			buildActionMask = 2147483647;
			files = (
				A93E28DB1C005E9C009342F3 /* MainInterface.storyboard in Resources */,
			);
			runOnlyForDeploymentPostprocessing = 0;
		};
		A9D955521BFF748300B583B4 /* Resources */ = {
			isa = PBXResourcesBuildPhase;
			buildActionMask = 2147483647;
			files = (
				A96BE6681C0055190091A86E /* Main.storyboard in Resources */,
				A924C4C61C58FB0D00A5F507 /* tessdata in Resources */,
				A9D9556A1BFF748300B583B4 /* LaunchScreen.storyboard in Resources */,
				A9D955671BFF748300B583B4 /* Assets.xcassets in Resources */,
			);
			runOnlyForDeploymentPostprocessing = 0;
		};
		A9F031101C69951500F9D3E8 /* Resources */ = {
			isa = PBXResourcesBuildPhase;
			buildActionMask = 2147483647;
			files = (
			);
			runOnlyForDeploymentPostprocessing = 0;
		};
/* End PBXResourcesBuildPhase section */

/* Begin PBXShellScriptBuildPhase section */
		1FD959FDC63DAB920394172B /* Check Pods Manifest.lock */ = {
			isa = PBXShellScriptBuildPhase;
			buildActionMask = 2147483647;
			files = (
			);
			inputPaths = (
			);
			name = "Check Pods Manifest.lock";
			outputPaths = (
			);
			runOnlyForDeploymentPostprocessing = 0;
			shellPath = /bin/sh;
			shellScript = "diff \"${PODS_ROOT}/../Podfile.lock\" \"${PODS_ROOT}/Manifest.lock\" > /dev/null\nif [[ $? != 0 ]] ; then\n    cat << EOM\nerror: The sandbox is not in sync with the Podfile.lock. Run 'pod install' or update your CocoaPods installation.\nEOM\n    exit 1\nfi\n";
			showEnvVarsInLog = 0;
		};
		24952F409DD4A852D9A50765 /* Copy Pods Resources */ = {
			isa = PBXShellScriptBuildPhase;
			buildActionMask = 2147483647;
			files = (
			);
			inputPaths = (
			);
			name = "Copy Pods Resources";
			outputPaths = (
			);
			runOnlyForDeploymentPostprocessing = 0;
			shellPath = /bin/sh;
			shellScript = "\"${SRCROOT}/Pods/Target Support Files/Pods-DRST manager/Pods-DRST manager-resources.sh\"\n";
			showEnvVarsInLog = 0;
		};
		867AA193E813CFA05D3BFA6B /* Embed Pods Frameworks */ = {
			isa = PBXShellScriptBuildPhase;
			buildActionMask = 2147483647;
			files = (
			);
			inputPaths = (
			);
			name = "Embed Pods Frameworks";
			outputPaths = (
			);
			runOnlyForDeploymentPostprocessing = 0;
			shellPath = /bin/sh;
			shellScript = "\"${SRCROOT}/Pods/Target Support Files/Pods-DRST manager/Pods-DRST manager-frameworks.sh\"\n";
			showEnvVarsInLog = 0;
		};
/* End PBXShellScriptBuildPhase section */

/* Begin PBXSourcesBuildPhase section */
		A924C4991C58F72300A5F507 /* Sources */ = {
			isa = PBXSourcesBuildPhase;
			buildActionMask = 2147483647;
			files = (
				A924C4C31C58F78300A5F507 /* DRSTScreenPosition.swift in Sources */,
				A9533D6C1C65E7B2001F97CF /* DRSTData.swift in Sources */,
				A9A330F11C696F0200D8CA25 /* DRSTData.Helper.swift in Sources */,
				A9A330F31C696F6E00D8CA25 /* DRSTData.Device.swift in Sources */,
				A91A0F321C5CE31100AF2B1D /* DataKit.swift in Sources */,
				A9A330F51C69759C00D8CA25 /* DRSTKit.swift in Sources */,
				A924C4C41C58F78300A5F507 /* DRSTStamina.swift in Sources */,
				A924C4C21C58F78300A5F507 /* DRSTEXP.swift in Sources */,
			);
			runOnlyForDeploymentPostprocessing = 0;
		};
		A9341F161D3E852900160DEA /* Sources */ = {
			isa = PBXSourcesBuildPhase;
			buildActionMask = 2147483647;
			files = (
				A9341F261D3E852900160DEA /* NotificationController.swift in Sources */,
				A9341F241D3E852900160DEA /* ExtensionDelegate.swift in Sources */,
				A9341F2A1D3E852900160DEA /* ComplicationController.swift in Sources */,
				A9341F221D3E852900160DEA /* InterfaceController.swift in Sources */,
				A9341F281D3E852900160DEA /* GlanceController.swift in Sources */,
			);
			runOnlyForDeploymentPostprocessing = 0;
		};
		A93E28CD1C005E9C009342F3 /* Sources */ = {
			isa = PBXSourcesBuildPhase;
			buildActionMask = 2147483647;
			files = (
				A9533D6E1C66487B001F97CF /* TodayViewController.swift in Sources */,
			);
			runOnlyForDeploymentPostprocessing = 0;
		};
		A9D955501BFF748300B583B4 /* Sources */ = {
			isa = PBXSourcesBuildPhase;
			buildActionMask = 2147483647;
			files = (
				A9D9555C1BFF748300B583B4 /* AppDelegate.m in Sources */,
				A9B94FB71C5CC1D40021A516 /* InfoViewController.swift in Sources */,
				A92B5AC11C58FDF200AB976B /* DRSTOCR.swift in Sources */,
				A962B6CE1C5CBC4200563EB4 /* DRSTNotification.swift in Sources */,
				A9D955591BFF748300B583B4 /* main.m in Sources */,
				A91A0F351C5CE77000AF2B1D /* DashboardViewController.swift in Sources */,
				A964CB991C5D05F1005F5494 /* EditViewController.swift in Sources */,
			);
			runOnlyForDeploymentPostprocessing = 0;
		};
		A9F0310E1C69951500F9D3E8 /* Sources */ = {
			isa = PBXSourcesBuildPhase;
			buildActionMask = 2147483647;
			files = (
				A9F031151C69951500F9D3E8 /* DRSTmTests.swift in Sources */,
				A9F0313C1C69A85B00F9D3E8 /* DRSTOCR.swift in Sources */,
			);
			runOnlyForDeploymentPostprocessing = 0;
		};
/* End PBXSourcesBuildPhase section */

/* Begin PBXTargetDependency section */
		A924C4B21C58F72300A5F507 /* PBXTargetDependency */ = {
			isa = PBXTargetDependency;
			target = A924C49D1C58F72300A5F507 /* DRSTKit */;
			targetProxy = A924C4B11C58F72300A5F507 /* PBXContainerItemProxy */;
		};
		A9341F1D1D3E852900160DEA /* PBXTargetDependency */ = {
			isa = PBXTargetDependency;
			target = A9341F191D3E852900160DEA /* DRSTm Extension */;
			targetProxy = A9341F1C1D3E852900160DEA /* PBXContainerItemProxy */;
		};
		A9341F2F1D3E852900160DEA /* PBXTargetDependency */ = {
			isa = PBXTargetDependency;
			target = A9341F0D1D3E852900160DEA /* DRSTm */;
			targetProxy = A9341F2E1D3E852900160DEA /* PBXContainerItemProxy */;
		};
		A93E28DE1C005E9C009342F3 /* PBXTargetDependency */ = {
			isa = PBXTargetDependency;
			target = A93E28D01C005E9C009342F3 /* DRSTm Widget */;
			targetProxy = A93E28DD1C005E9C009342F3 /* PBXContainerItemProxy */;
		};
		A9F031181C69951500F9D3E8 /* PBXTargetDependency */ = {
			isa = PBXTargetDependency;
			target = A9D955531BFF748300B583B4 /* DRST manager */;
			targetProxy = A9F031171C69951500F9D3E8 /* PBXContainerItemProxy */;
		};
/* End PBXTargetDependency section */

/* Begin PBXVariantGroup section */
		A9341F101D3E852900160DEA /* Interface.storyboard */ = {
			isa = PBXVariantGroup;
			children = (
				A9341F111D3E852900160DEA /* Base */,
			);
			name = Interface.storyboard;
			sourceTree = "<group>";
		};
		A93E28D91C005E9C009342F3 /* MainInterface.storyboard */ = {
			isa = PBXVariantGroup;
			children = (
				A93E28DA1C005E9C009342F3 /* Base */,
			);
			name = MainInterface.storyboard;
			sourceTree = "<group>";
		};
		A9D955681BFF748300B583B4 /* LaunchScreen.storyboard */ = {
			isa = PBXVariantGroup;
			children = (
				A9D955691BFF748300B583B4 /* Base */,
			);
			name = LaunchScreen.storyboard;
			sourceTree = "<group>";
		};
/* End PBXVariantGroup section */

/* Begin XCBuildConfiguration section */
		A924C4B51C58F72300A5F507 /* Debug */ = {
			isa = XCBuildConfiguration;
			buildSettings = {
				APPLICATION_EXTENSION_API_ONLY = YES;
				CLANG_ENABLE_MODULES = YES;
				CODE_SIGN_IDENTITY = "iPhone Developer";
				"CODE_SIGN_IDENTITY[sdk=iphoneos*]" = "iPhone Developer";
				CURRENT_PROJECT_VERSION = 1;
				DEFINES_MODULE = YES;
				DYLIB_COMPATIBILITY_VERSION = 1;
				DYLIB_CURRENT_VERSION = 1;
				DYLIB_INSTALL_NAME_BASE = "@rpath";
				INFOPLIST_FILE = DRSTKit/Info.plist;
				INSTALL_PATH = "$(LOCAL_LIBRARY_DIR)/Frameworks";
				IPHONEOS_DEPLOYMENT_TARGET = 9.0;
				LD_RUNPATH_SEARCH_PATHS = "$(inherited) @executable_path/Frameworks @loader_path/Frameworks";
				PRODUCT_BUNDLE_IDENTIFIER = com.niceb5y.DRSTKit;
				PRODUCT_NAME = "$(TARGET_NAME)";
				SKIP_INSTALL = YES;
				SWIFT_OPTIMIZATION_LEVEL = "-Onone";
				VERSIONING_SYSTEM = "apple-generic";
				VERSION_INFO_PREFIX = "";
			};
			name = Debug;
		};
		A924C4B61C58F72300A5F507 /* Release */ = {
			isa = XCBuildConfiguration;
			buildSettings = {
				APPLICATION_EXTENSION_API_ONLY = YES;
				CLANG_ENABLE_MODULES = YES;
				CODE_SIGN_IDENTITY = "iPhone Developer";
				"CODE_SIGN_IDENTITY[sdk=iphoneos*]" = "iPhone Developer";
				CURRENT_PROJECT_VERSION = 1;
				DEFINES_MODULE = YES;
				DYLIB_COMPATIBILITY_VERSION = 1;
				DYLIB_CURRENT_VERSION = 1;
				DYLIB_INSTALL_NAME_BASE = "@rpath";
				INFOPLIST_FILE = DRSTKit/Info.plist;
				INSTALL_PATH = "$(LOCAL_LIBRARY_DIR)/Frameworks";
				IPHONEOS_DEPLOYMENT_TARGET = 9.0;
				LD_RUNPATH_SEARCH_PATHS = "$(inherited) @executable_path/Frameworks @loader_path/Frameworks";
				PRODUCT_BUNDLE_IDENTIFIER = com.niceb5y.DRSTKit;
				PRODUCT_NAME = "$(TARGET_NAME)";
				SKIP_INSTALL = YES;
				VERSIONING_SYSTEM = "apple-generic";
				VERSION_INFO_PREFIX = "";
			};
			name = Release;
		};
		A9341F311D3E852900160DEA /* Debug */ = {
			isa = XCBuildConfiguration;
			buildSettings = {
				ASSETCATALOG_COMPILER_APPICON_NAME = AppIcon;
				CLANG_ANALYZER_NONNULL = YES;
				CODE_SIGN_IDENTITY = "iPhone Developer";
				"CODE_SIGN_IDENTITY[sdk=iphoneos*]" = "iPhone Developer";
				EMBEDDED_CONTENT_CONTAINS_SWIFT = YES;
				IBSC_MODULE = DRSTm_Extension;
				INFOPLIST_FILE = DRSTm/Info.plist;
				PRODUCT_BUNDLE_IDENTIFIER = "com.niceb5y.DRST-manager.watchkitapp";
				PRODUCT_NAME = "$(TARGET_NAME)";
				SDKROOT = watchos;
				SKIP_INSTALL = YES;
				SWIFT_OPTIMIZATION_LEVEL = "-Onone";
				TARGETED_DEVICE_FAMILY = 4;
				WATCHOS_DEPLOYMENT_TARGET = 2.2;
			};
			name = Debug;
		};
		A9341F321D3E852900160DEA /* Release */ = {
			isa = XCBuildConfiguration;
			buildSettings = {
				ASSETCATALOG_COMPILER_APPICON_NAME = AppIcon;
				CLANG_ANALYZER_NONNULL = YES;
				CODE_SIGN_IDENTITY = "iPhone Developer";
				"CODE_SIGN_IDENTITY[sdk=iphoneos*]" = "iPhone Developer";
				EMBEDDED_CONTENT_CONTAINS_SWIFT = YES;
				IBSC_MODULE = DRSTm_Extension;
				INFOPLIST_FILE = DRSTm/Info.plist;
				PRODUCT_BUNDLE_IDENTIFIER = "com.niceb5y.DRST-manager.watchkitapp";
				PRODUCT_NAME = "$(TARGET_NAME)";
				SDKROOT = watchos;
				SKIP_INSTALL = YES;
				TARGETED_DEVICE_FAMILY = 4;
				WATCHOS_DEPLOYMENT_TARGET = 2.2;
			};
			name = Release;
		};
		A9341F331D3E852900160DEA /* Debug */ = {
			isa = XCBuildConfiguration;
			buildSettings = {
				ASSETCATALOG_COMPILER_COMPLICATION_NAME = Complication;
				CLANG_ANALYZER_NONNULL = YES;
				INFOPLIST_FILE = "DRSTm Extension/Info.plist";
				LD_RUNPATH_SEARCH_PATHS = "$(inherited) @executable_path/Frameworks @executable_path/../../Frameworks";
				PRODUCT_BUNDLE_IDENTIFIER = "com.niceb5y.DRST-manager.watchkitapp.watchkitextension";
				PRODUCT_NAME = "${TARGET_NAME}";
				SDKROOT = watchos;
				SKIP_INSTALL = YES;
				SWIFT_OPTIMIZATION_LEVEL = "-Onone";
				TARGETED_DEVICE_FAMILY = 4;
				WATCHOS_DEPLOYMENT_TARGET = 2.2;
			};
			name = Debug;
		};
		A9341F341D3E852900160DEA /* Release */ = {
			isa = XCBuildConfiguration;
			buildSettings = {
				ASSETCATALOG_COMPILER_COMPLICATION_NAME = Complication;
				CLANG_ANALYZER_NONNULL = YES;
				INFOPLIST_FILE = "DRSTm Extension/Info.plist";
				LD_RUNPATH_SEARCH_PATHS = "$(inherited) @executable_path/Frameworks @executable_path/../../Frameworks";
				PRODUCT_BUNDLE_IDENTIFIER = "com.niceb5y.DRST-manager.watchkitapp.watchkitextension";
				PRODUCT_NAME = "${TARGET_NAME}";
				SDKROOT = watchos;
				SKIP_INSTALL = YES;
				TARGETED_DEVICE_FAMILY = 4;
				WATCHOS_DEPLOYMENT_TARGET = 2.2;
			};
			name = Release;
		};
		A93E28E01C005E9C009342F3 /* Debug */ = {
			isa = XCBuildConfiguration;
			buildSettings = {
				APPLICATION_EXTENSION_API_ONLY = YES;
				CLANG_ENABLE_MODULES = YES;
				CODE_SIGN_ENTITLEMENTS = "DRSTm Widget/DRST manager.entitlements";
				CODE_SIGN_IDENTITY = "iPhone Developer";
				"CODE_SIGN_IDENTITY[sdk=iphoneos*]" = "iPhone Developer";
				INFOPLIST_FILE = "DRSTm Widget/Info.plist";
				IPHONEOS_DEPLOYMENT_TARGET = 9.0;
				LD_RUNPATH_SEARCH_PATHS = "$(inherited) @executable_path/Frameworks @executable_path/../../Frameworks";
				PRODUCT_BUNDLE_IDENTIFIER = "com.niceb5y.DRST-manager.DRSTm-Widget";
				PRODUCT_NAME = "DRST manager";
				PROVISIONING_PROFILE = "";
				SKIP_INSTALL = YES;
				SWIFT_OPTIMIZATION_LEVEL = "-Onone";
			};
			name = Debug;
		};
		A93E28E11C005E9C009342F3 /* Release */ = {
			isa = XCBuildConfiguration;
			buildSettings = {
				APPLICATION_EXTENSION_API_ONLY = YES;
				CLANG_ENABLE_MODULES = YES;
				CODE_SIGN_ENTITLEMENTS = "DRSTm Widget/DRST manager.entitlements";
				CODE_SIGN_IDENTITY = "iPhone Developer";
				"CODE_SIGN_IDENTITY[sdk=iphoneos*]" = "iPhone Developer";
				INFOPLIST_FILE = "DRSTm Widget/Info.plist";
				IPHONEOS_DEPLOYMENT_TARGET = 9.0;
				LD_RUNPATH_SEARCH_PATHS = "$(inherited) @executable_path/Frameworks @executable_path/../../Frameworks";
				PRODUCT_BUNDLE_IDENTIFIER = "com.niceb5y.DRST-manager.DRSTm-Widget";
				PRODUCT_NAME = "DRST manager";
				PROVISIONING_PROFILE = "";
				SKIP_INSTALL = YES;
			};
			name = Release;
		};
		A9D955821BFF748300B583B4 /* Debug */ = {
			isa = XCBuildConfiguration;
			buildSettings = {
				ALWAYS_SEARCH_USER_PATHS = NO;
				CLANG_CXX_LANGUAGE_STANDARD = "gnu++0x";
				CLANG_CXX_LIBRARY = "libc++";
				CLANG_ENABLE_MODULES = YES;
				CLANG_ENABLE_OBJC_ARC = YES;
				CLANG_WARN_BOOL_CONVERSION = YES;
				CLANG_WARN_CONSTANT_CONVERSION = YES;
				CLANG_WARN_DIRECT_OBJC_ISA_USAGE = YES_ERROR;
				CLANG_WARN_EMPTY_BODY = YES;
				CLANG_WARN_ENUM_CONVERSION = YES;
				CLANG_WARN_INT_CONVERSION = YES;
				CLANG_WARN_OBJC_ROOT_CLASS = YES_ERROR;
				CLANG_WARN_UNREACHABLE_CODE = YES;
				CLANG_WARN__DUPLICATE_METHOD_MATCH = YES;
				"CODE_SIGN_IDENTITY[sdk=iphoneos*]" = "iPhone Developer";
				COPY_PHASE_STRIP = NO;
				DEBUG_INFORMATION_FORMAT = dwarf;
				ENABLE_STRICT_OBJC_MSGSEND = YES;
				ENABLE_TESTABILITY = YES;
				GCC_C_LANGUAGE_STANDARD = gnu99;
				GCC_DYNAMIC_NO_PIC = NO;
				GCC_NO_COMMON_BLOCKS = YES;
				GCC_OPTIMIZATION_LEVEL = 0;
				GCC_PREPROCESSOR_DEFINITIONS = (
					"DEBUG=1",
					"$(inherited)",
				);
				GCC_WARN_64_TO_32_BIT_CONVERSION = YES;
				GCC_WARN_ABOUT_RETURN_TYPE = YES_ERROR;
				GCC_WARN_UNDECLARED_SELECTOR = YES;
				GCC_WARN_UNINITIALIZED_AUTOS = YES_AGGRESSIVE;
				GCC_WARN_UNUSED_FUNCTION = YES;
				GCC_WARN_UNUSED_VARIABLE = YES;
				IPHONEOS_DEPLOYMENT_TARGET = 9.0;
				MTL_ENABLE_DEBUG_INFO = YES;
				ONLY_ACTIVE_ARCH = YES;
				SDKROOT = iphoneos;
				TARGETED_DEVICE_FAMILY = "1,2";
			};
			name = Debug;
		};
		A9D955831BFF748300B583B4 /* Release */ = {
			isa = XCBuildConfiguration;
			buildSettings = {
				ALWAYS_SEARCH_USER_PATHS = NO;
				CLANG_CXX_LANGUAGE_STANDARD = "gnu++0x";
				CLANG_CXX_LIBRARY = "libc++";
				CLANG_ENABLE_MODULES = YES;
				CLANG_ENABLE_OBJC_ARC = YES;
				CLANG_WARN_BOOL_CONVERSION = YES;
				CLANG_WARN_CONSTANT_CONVERSION = YES;
				CLANG_WARN_DIRECT_OBJC_ISA_USAGE = YES_ERROR;
				CLANG_WARN_EMPTY_BODY = YES;
				CLANG_WARN_ENUM_CONVERSION = YES;
				CLANG_WARN_INT_CONVERSION = YES;
				CLANG_WARN_OBJC_ROOT_CLASS = YES_ERROR;
				CLANG_WARN_UNREACHABLE_CODE = YES;
				CLANG_WARN__DUPLICATE_METHOD_MATCH = YES;
				"CODE_SIGN_IDENTITY[sdk=iphoneos*]" = "iPhone Developer";
				COPY_PHASE_STRIP = NO;
				DEBUG_INFORMATION_FORMAT = "dwarf-with-dsym";
				ENABLE_NS_ASSERTIONS = NO;
				ENABLE_STRICT_OBJC_MSGSEND = YES;
				GCC_C_LANGUAGE_STANDARD = gnu99;
				GCC_NO_COMMON_BLOCKS = YES;
				GCC_WARN_64_TO_32_BIT_CONVERSION = YES;
				GCC_WARN_ABOUT_RETURN_TYPE = YES_ERROR;
				GCC_WARN_UNDECLARED_SELECTOR = YES;
				GCC_WARN_UNINITIALIZED_AUTOS = YES_AGGRESSIVE;
				GCC_WARN_UNUSED_FUNCTION = YES;
				GCC_WARN_UNUSED_VARIABLE = YES;
				IPHONEOS_DEPLOYMENT_TARGET = 9.0;
				MTL_ENABLE_DEBUG_INFO = NO;
				SDKROOT = iphoneos;
				TARGETED_DEVICE_FAMILY = "1,2";
				VALIDATE_PRODUCT = YES;
			};
			name = Release;
		};
		A9D955851BFF748300B583B4 /* Debug */ = {
			isa = XCBuildConfiguration;
			baseConfigurationReference = AEC0A9CA1CFDC73A6D400A62 /* Pods-DRST manager.debug.xcconfig */;
			buildSettings = {
				ASSETCATALOG_COMPILER_APPICON_NAME = AppIcon;
				CLANG_ENABLE_MODULES = YES;
				CODE_SIGN_ENTITLEMENTS = "DRST manager/DRSTm.entitlements";
				CODE_SIGN_IDENTITY = "iPhone Developer";
				"CODE_SIGN_IDENTITY[sdk=iphoneos*]" = "iPhone Developer";
				EMBEDDED_CONTENT_CONTAINS_SWIFT = YES;
				FRAMEWORK_SEARCH_PATHS = "$(inherited)";
				INFOPLIST_FILE = "DRST manager/Info.plist";
				IPHONEOS_DEPLOYMENT_TARGET = 9.0;
				LD_RUNPATH_SEARCH_PATHS = "$(inherited) @executable_path/Frameworks";
				PRODUCT_BUNDLE_IDENTIFIER = "com.niceb5y.DRST-manager";
				PRODUCT_NAME = DRSTm;
				PROVISIONING_PROFILE = "";
				SWIFT_OBJC_BRIDGING_HEADER = "DRST manager/DRST manager-Bridging-Header.h";
				SWIFT_OPTIMIZATION_LEVEL = "-Onone";
			};
			name = Debug;
		};
		A9D955861BFF748300B583B4 /* Release */ = {
			isa = XCBuildConfiguration;
			baseConfigurationReference = 952AFB32BECF5A5CD2D3D693 /* Pods-DRST manager.release.xcconfig */;
			buildSettings = {
				ASSETCATALOG_COMPILER_APPICON_NAME = AppIcon;
				CLANG_ENABLE_MODULES = YES;
				CODE_SIGN_ENTITLEMENTS = "DRST manager/DRSTm.entitlements";
				CODE_SIGN_IDENTITY = "iPhone Developer";
				"CODE_SIGN_IDENTITY[sdk=iphoneos*]" = "iPhone Developer";
				EMBEDDED_CONTENT_CONTAINS_SWIFT = YES;
				FRAMEWORK_SEARCH_PATHS = "$(inherited)";
				INFOPLIST_FILE = "DRST manager/Info.plist";
				IPHONEOS_DEPLOYMENT_TARGET = 9.0;
				LD_RUNPATH_SEARCH_PATHS = "$(inherited) @executable_path/Frameworks";
				PRODUCT_BUNDLE_IDENTIFIER = "com.niceb5y.DRST-manager";
				PRODUCT_NAME = DRSTm;
				PROVISIONING_PROFILE = "";
				SWIFT_OBJC_BRIDGING_HEADER = "DRST manager/DRST manager-Bridging-Header.h";
			};
			name = Release;
		};
		A9F031191C69951500F9D3E8 /* Debug */ = {
			isa = XCBuildConfiguration;
			buildSettings = {
				BUNDLE_LOADER = "$(TEST_HOST)";
				INFOPLIST_FILE = DRSTmTests/Info.plist;
				IPHONEOS_DEPLOYMENT_TARGET = 9.2;
				LD_RUNPATH_SEARCH_PATHS = "$(inherited) @executable_path/Frameworks @loader_path/Frameworks";
				PRODUCT_BUNDLE_IDENTIFIER = com.niceb5y.DRSTmTests;
				PRODUCT_NAME = "$(TARGET_NAME)";
				SWIFT_OPTIMIZATION_LEVEL = "-Onone";
				TEST_HOST = "$(BUILT_PRODUCTS_DIR)/DRSTm.app/DRSTm";
			};
			name = Debug;
		};
		A9F0311A1C69951500F9D3E8 /* Release */ = {
			isa = XCBuildConfiguration;
			buildSettings = {
				BUNDLE_LOADER = "$(TEST_HOST)";
				INFOPLIST_FILE = DRSTmTests/Info.plist;
				IPHONEOS_DEPLOYMENT_TARGET = 9.2;
				LD_RUNPATH_SEARCH_PATHS = "$(inherited) @executable_path/Frameworks @loader_path/Frameworks";
				PRODUCT_BUNDLE_IDENTIFIER = com.niceb5y.DRSTmTests;
				PRODUCT_NAME = "$(TARGET_NAME)";
				TEST_HOST = "$(BUILT_PRODUCTS_DIR)/DRSTm.app/DRSTm";
			};
			name = Release;
		};
/* End XCBuildConfiguration section */

/* Begin XCConfigurationList section */
		A924C4B91C58F72300A5F507 /* Build configuration list for PBXNativeTarget "DRSTKit" */ = {
			isa = XCConfigurationList;
			buildConfigurations = (
				A924C4B51C58F72300A5F507 /* Debug */,
				A924C4B61C58F72300A5F507 /* Release */,
			);
			defaultConfigurationIsVisible = 0;
			defaultConfigurationName = Release;
		};
		A9341F351D3E852900160DEA /* Build configuration list for PBXNativeTarget "DRSTm Extension" */ = {
			isa = XCConfigurationList;
			buildConfigurations = (
				A9341F331D3E852900160DEA /* Debug */,
				A9341F341D3E852900160DEA /* Release */,
			);
			defaultConfigurationIsVisible = 0;
			defaultConfigurationName = Release;
		};
		A9341F371D3E852900160DEA /* Build configuration list for PBXNativeTarget "DRSTm" */ = {
			isa = XCConfigurationList;
			buildConfigurations = (
				A9341F311D3E852900160DEA /* Debug */,
				A9341F321D3E852900160DEA /* Release */,
			);
			defaultConfigurationIsVisible = 0;
			defaultConfigurationName = Release;
		};
		A93E28E21C005E9C009342F3 /* Build configuration list for PBXNativeTarget "DRSTm Widget" */ = {
			isa = XCConfigurationList;
			buildConfigurations = (
				A93E28E01C005E9C009342F3 /* Debug */,
				A93E28E11C005E9C009342F3 /* Release */,
			);
			defaultConfigurationIsVisible = 0;
			defaultConfigurationName = Release;
		};
		A9D9554F1BFF748300B583B4 /* Build configuration list for PBXProject "DRST manager" */ = {
			isa = XCConfigurationList;
			buildConfigurations = (
				A9D955821BFF748300B583B4 /* Debug */,
				A9D955831BFF748300B583B4 /* Release */,
			);
			defaultConfigurationIsVisible = 0;
			defaultConfigurationName = Release;
		};
		A9D955841BFF748300B583B4 /* Build configuration list for PBXNativeTarget "DRST manager" */ = {
			isa = XCConfigurationList;
			buildConfigurations = (
				A9D955851BFF748300B583B4 /* Debug */,
				A9D955861BFF748300B583B4 /* Release */,
			);
			defaultConfigurationIsVisible = 0;
			defaultConfigurationName = Release;
		};
		A9F0311B1C69951500F9D3E8 /* Build configuration list for PBXNativeTarget "DRSTmTests" */ = {
			isa = XCConfigurationList;
			buildConfigurations = (
				A9F031191C69951500F9D3E8 /* Debug */,
				A9F0311A1C69951500F9D3E8 /* Release */,
			);
			defaultConfigurationIsVisible = 0;
			defaultConfigurationName = Release;
		};
/* End XCConfigurationList section */
	};
	rootObject = A9D9554C1BFF748300B583B4 /* Project object */;
}
